
Microsoft Visual Studio Solution File, Format Version 12.00
# Visual Studio Version 17
VisualStudioVersion = 17.13.35818.85 d17.13
MinimumVisualStudioVersion = 10.0.40219.1
Project("{FAE04EC0-301F-11D3-BF4B-00C04F79EFBC}") = "Sharp_6_forms", "Sharp_6_forms\Sharp_6_forms.csproj", "{C96F34C9-B180-4A83-B528-11E1B62ABC68}"
EndProject
Global
	GlobalSection(SolutionConfigurationPlatforms) = preSolution
		Debug|Any CPU = Debug|Any CPU
		Release|Any CPU = Release|Any CPU
	EndGlobalSection
	GlobalSection(ProjectConfigurationPlatforms) = postSolution
		{C96F34C9-B180-4A83-B528-11E1B62ABC68}.Debug|Any CPU.ActiveCfg = Debug|Any CPU
		{C96F34C9-B180-4A83-B528-11E1B62ABC68}.Debug|Any CPU.Build.0 = Debug|Any CPU
		{C96F34C9-B180-4A83-B528-11E1B62ABC68}.Release|Any CPU.ActiveCfg = Release|Any CPU
		{C96F34C9-B180-4A83-B528-11E1B62ABC68}.Release|Any CPU.Build.0 = Release|Any CPU
	EndGlobalSection
	GlobalSection(SolutionProperties) = preSolution
		HideSolutionNode = FALSE
	EndGlobalSection
	GlobalSection(ExtensibilityGlobals) = postSolution
		SolutionGuid = {6FB42796-EA0F-4799-B6F1-88451B658443}
	EndGlobalSection
EndGlobal
